
Microsoft Visual Studio Solution File, Format Version 12.00
# Visual Studio 2015
Project("{FAE04EC0-301F-11D3-BF4B-00C04F79EFBC}") = "AR card.CSharp", "AR card.CSharp.csproj", "{D9BA89D4-5747-91C3-FFAB-5F8C2EAF86D6}"
EndProject
Project("{FAE04EC0-301F-11D3-BF4B-00C04F79EFBC}") = "AR card.CSharp.Editor", "AR card.CSharp.Editor.csproj", "{E718EA37-20D3-C591-4736-1784881627FF}"
EndProject
Global
	GlobalSection(SolutionConfigurationPlatforms) = preSolution
		Debug|Any CPU = Debug|Any CPU
		Release|Any CPU = Release|Any CPU
	EndGlobalSection
	GlobalSection(ProjectConfigurationPlatforms) = postSolution
		{D9BA89D4-5747-91C3-FFAB-5F8C2EAF86D6}.Debug|Any CPU.ActiveCfg = Debug|Any CPU
		{D9BA89D4-5747-91C3-FFAB-5F8C2EAF86D6}.Debug|Any CPU.Build.0 = Debug|Any CPU
		{D9BA89D4-5747-91C3-FFAB-5F8C2EAF86D6}.Release|Any CPU.ActiveCfg = Release|Any CPU
		{D9BA89D4-5747-91C3-FFAB-5F8C2EAF86D6}.Release|Any CPU.Build.0 = Release|Any CPU
		{E718EA37-20D3-C591-4736-1784881627FF}.Debug|Any CPU.ActiveCfg = Debug|Any CPU
		{E718EA37-20D3-C591-4736-1784881627FF}.Debug|Any CPU.Build.0 = Debug|Any CPU
		{E718EA37-20D3-C591-4736-1784881627FF}.Release|Any CPU.ActiveCfg = Release|Any CPU
		{E718EA37-20D3-C591-4736-1784881627FF}.Release|Any CPU.Build.0 = Release|Any CPU
	EndGlobalSection
	GlobalSection(SolutionProperties) = preSolution
		HideSolutionNode = FALSE
	EndGlobalSection
EndGlobal
